
Microsoft Visual Studio Solution File, Format Version 12.00
# Visual Studio 14
VisualStudioVersion = 14.0.25420.1
MinimumVisualStudioVersion = 10.0.40219.1
Project("{8BC9CEB8-8B4A-11D0-8D11-00A0C91BC942}") = "1-03 HelloWindow", "1-03 HelloWindow\1-03 HelloWindow.vcxproj", "{36D94887-EF06-4680-86D4-019C54EAEE8C}"
EndProject
Project("{8BC9CEB8-8B4A-11D0-8D11-00A0C91BC942}") = "1-04 HelloTriangle", "1-04 HelloTriangle\1-04 HelloTriangle.vcxproj", "{D0C9BA4E-8944-4FAA-8F7C-FE6DBE4830F5}"
EndProject
Project("{8BC9CEB8-8B4A-11D0-8D11-00A0C91BC942}") = "1-05 Shaders", "1-05 Shaders\1-05 Shaders.vcxproj", "{4E3E1BC4-EFEA-4B85-BE14-E61C65C108CB}"
EndProject
Project("{8BC9CEB8-8B4A-11D0-8D11-00A0C91BC942}") = "1-06 Textures", "1-06 Textures\1-06 Textures.vcxproj", "{EB620849-9603-4D83-BCE7-E7FE0E176FFB}"
EndProject
Project("{8BC9CEB8-8B4A-11D0-8D11-00A0C91BC942}") = "1-07 Transformations", "1-07 Transformations\1-07 Transformations.vcxproj", "{40DDDB07-2200-4235-8467-86A51BCDA25A}"
EndProject
Project("{8BC9CEB8-8B4A-11D0-8D11-00A0C91BC942}") = "1-08 CoordinateSystems", "1-08 CoordinateSystems\1-08 CoordinateSystems.vcxproj", "{38CD53A9-F0EC-494D-B238-071180F510AA}"
EndProject
Project("{8BC9CEB8-8B4A-11D0-8D11-00A0C91BC942}") = "1-09 Camera", "1-09 Camera\1-09 Camera.vcxproj", "{7DA993BF-7B54-4277-BEEC-0C6FC69D720B}"
EndProject
Project("{8BC9CEB8-8B4A-11D0-8D11-00A0C91BC942}") = "2-01 Lighting", "2-01 Lighting\2-01 Lighting.vcxproj", "{2DED63BF-C7CC-4FF2-8A44-0097C1DA4943}"
EndProject
Project("{8BC9CEB8-8B4A-11D0-8D11-00A0C91BC942}") = "2-02 Basic Lighting", "2-02 Basic Lighting\2-02 Basic Lighting.vcxproj", "{ABA94DA8-7C57-436A-834F-4060C52999A1}"
EndProject
Global
	GlobalSection(SolutionConfigurationPlatforms) = preSolution
		Debug|x64 = Debug|x64
		Debug|x86 = Debug|x86
		Release|x64 = Release|x64
		Release|x86 = Release|x86
	EndGlobalSection
	GlobalSection(ProjectConfigurationPlatforms) = postSolution
		{36D94887-EF06-4680-86D4-019C54EAEE8C}.Debug|x64.ActiveCfg = Debug|x64
		{36D94887-EF06-4680-86D4-019C54EAEE8C}.Debug|x64.Build.0 = Debug|x64
		{36D94887-EF06-4680-86D4-019C54EAEE8C}.Debug|x86.ActiveCfg = Debug|Win32
		{36D94887-EF06-4680-86D4-019C54EAEE8C}.Debug|x86.Build.0 = Debug|Win32
		{36D94887-EF06-4680-86D4-019C54EAEE8C}.Release|x64.ActiveCfg = Release|x64
		{36D94887-EF06-4680-86D4-019C54EAEE8C}.Release|x64.Build.0 = Release|x64
		{36D94887-EF06-4680-86D4-019C54EAEE8C}.Release|x86.ActiveCfg = Release|Win32
		{36D94887-EF06-4680-86D4-019C54EAEE8C}.Release|x86.Build.0 = Release|Win32
		{D0C9BA4E-8944-4FAA-8F7C-FE6DBE4830F5}.Debug|x64.ActiveCfg = Debug|x64
		{D0C9BA4E-8944-4FAA-8F7C-FE6DBE4830F5}.Debug|x64.Build.0 = Debug|x64
		{D0C9BA4E-8944-4FAA-8F7C-FE6DBE4830F5}.Debug|x86.ActiveCfg = Debug|Win32
		{D0C9BA4E-8944-4FAA-8F7C-FE6DBE4830F5}.Debug|x86.Build.0 = Debug|Win32
		{D0C9BA4E-8944-4FAA-8F7C-FE6DBE4830F5}.Release|x64.ActiveCfg = Release|x64
		{D0C9BA4E-8944-4FAA-8F7C-FE6DBE4830F5}.Release|x64.Build.0 = Release|x64
		{D0C9BA4E-8944-4FAA-8F7C-FE6DBE4830F5}.Release|x86.ActiveCfg = Release|Win32
		{D0C9BA4E-8944-4FAA-8F7C-FE6DBE4830F5}.Release|x86.Build.0 = Release|Win32
		{4E3E1BC4-EFEA-4B85-BE14-E61C65C108CB}.Debug|x64.ActiveCfg = Debug|x64
		{4E3E1BC4-EFEA-4B85-BE14-E61C65C108CB}.Debug|x64.Build.0 = Debug|x64
		{4E3E1BC4-EFEA-4B85-BE14-E61C65C108CB}.Debug|x86.ActiveCfg = Debug|Win32
		{4E3E1BC4-EFEA-4B85-BE14-E61C65C108CB}.Debug|x86.Build.0 = Debug|Win32
		{4E3E1BC4-EFEA-4B85-BE14-E61C65C108CB}.Release|x64.ActiveCfg = Release|x64
		{4E3E1BC4-EFEA-4B85-BE14-E61C65C108CB}.Release|x64.Build.0 = Release|x64
		{4E3E1BC4-EFEA-4B85-BE14-E61C65C108CB}.Release|x86.ActiveCfg = Release|Win32
		{4E3E1BC4-EFEA-4B85-BE14-E61C65C108CB}.Release|x86.Build.0 = Release|Win32
		{EB620849-9603-4D83-BCE7-E7FE0E176FFB}.Debug|x64.ActiveCfg = Debug|x64
		{EB620849-9603-4D83-BCE7-E7FE0E176FFB}.Debug|x64.Build.0 = Debug|x64
		{EB620849-9603-4D83-BCE7-E7FE0E176FFB}.Debug|x86.ActiveCfg = Debug|Win32
		{EB620849-9603-4D83-BCE7-E7FE0E176FFB}.Debug|x86.Build.0 = Debug|Win32
		{EB620849-9603-4D83-BCE7-E7FE0E176FFB}.Release|x64.ActiveCfg = Release|x64
		{EB620849-9603-4D83-BCE7-E7FE0E176FFB}.Release|x64.Build.0 = Release|x64
		{EB620849-9603-4D83-BCE7-E7FE0E176FFB}.Release|x86.ActiveCfg = Release|Win32
		{EB620849-9603-4D83-BCE7-E7FE0E176FFB}.Release|x86.Build.0 = Release|Win32
		{40DDDB07-2200-4235-8467-86A51BCDA25A}.Debug|x64.ActiveCfg = Debug|x64
		{40DDDB07-2200-4235-8467-86A51BCDA25A}.Debug|x64.Build.0 = Debug|x64
		{40DDDB07-2200-4235-8467-86A51BCDA25A}.Debug|x86.ActiveCfg = Debug|Win32
		{40DDDB07-2200-4235-8467-86A51BCDA25A}.Debug|x86.Build.0 = Debug|Win32
		{40DDDB07-2200-4235-8467-86A51BCDA25A}.Release|x64.ActiveCfg = Release|x64
		{40DDDB07-2200-4235-8467-86A51BCDA25A}.Release|x64.Build.0 = Release|x64
		{40DDDB07-2200-4235-8467-86A51BCDA25A}.Release|x86.ActiveCfg = Release|Win32
		{40DDDB07-2200-4235-8467-86A51BCDA25A}.Release|x86.Build.0 = Release|Win32
		{38CD53A9-F0EC-494D-B238-071180F510AA}.Debug|x64.ActiveCfg = Debug|x64
		{38CD53A9-F0EC-494D-B238-071180F510AA}.Debug|x64.Build.0 = Debug|x64
		{38CD53A9-F0EC-494D-B238-071180F510AA}.Debug|x86.ActiveCfg = Debug|Win32
		{38CD53A9-F0EC-494D-B238-071180F510AA}.Debug|x86.Build.0 = Debug|Win32
		{38CD53A9-F0EC-494D-B238-071180F510AA}.Release|x64.ActiveCfg = Release|x64
		{38CD53A9-F0EC-494D-B238-071180F510AA}.Release|x64.Build.0 = Release|x64
		{38CD53A9-F0EC-494D-B238-071180F510AA}.Release|x86.ActiveCfg = Release|Win32
		{38CD53A9-F0EC-494D-B238-071180F510AA}.Release|x86.Build.0 = Release|Win32
		{7DA993BF-7B54-4277-BEEC-0C6FC69D720B}.Debug|x64.ActiveCfg = Debug|x64
		{7DA993BF-7B54-4277-BEEC-0C6FC69D720B}.Debug|x64.Build.0 = Debug|x64
		{7DA993BF-7B54-4277-BEEC-0C6FC69D720B}.Debug|x86.ActiveCfg = Debug|Win32
		{7DA993BF-7B54-4277-BEEC-0C6FC69D720B}.Debug|x86.Build.0 = Debug|Win32
		{7DA993BF-7B54-4277-BEEC-0C6FC69D720B}.Release|x64.ActiveCfg = Release|x64
		{7DA993BF-7B54-4277-BEEC-0C6FC69D720B}.Release|x64.Build.0 = Release|x64
		{7DA993BF-7B54-4277-BEEC-0C6FC69D720B}.Release|x86.ActiveCfg = Release|Win32
		{7DA993BF-7B54-4277-BEEC-0C6FC69D720B}.Release|x86.Build.0 = Release|Win32
		{2DED63BF-C7CC-4FF2-8A44-0097C1DA4943}.Debug|x64.ActiveCfg = Debug|x64
		{2DED63BF-C7CC-4FF2-8A44-0097C1DA4943}.Debug|x64.Build.0 = Debug|x64
		{2DED63BF-C7CC-4FF2-8A44-0097C1DA4943}.Debug|x86.ActiveCfg = Debug|Win32
		{2DED63BF-C7CC-4FF2-8A44-0097C1DA4943}.Debug|x86.Build.0 = Debug|Win32
		{2DED63BF-C7CC-4FF2-8A44-0097C1DA4943}.Release|x64.ActiveCfg = Release|x64
		{2DED63BF-C7CC-4FF2-8A44-0097C1DA4943}.Release|x64.Build.0 = Release|x64
		{2DED63BF-C7CC-4FF2-8A44-0097C1DA4943}.Release|x86.ActiveCfg = Release|Win32
		{2DED63BF-C7CC-4FF2-8A44-0097C1DA4943}.Release|x86.Build.0 = Release|Win32
		{ABA94DA8-7C57-436A-834F-4060C52999A1}.Debug|x64.ActiveCfg = Debug|x64
		{ABA94DA8-7C57-436A-834F-4060C52999A1}.Debug|x64.Build.0 = Debug|x64
		{ABA94DA8-7C57-436A-834F-4060C52999A1}.Debug|x86.ActiveCfg = Debug|Win32
		{ABA94DA8-7C57-436A-834F-4060C52999A1}.Debug|x86.Build.0 = Debug|Win32
		{ABA94DA8-7C57-436A-834F-4060C52999A1}.Release|x64.ActiveCfg = Release|x64
		{ABA94DA8-7C57-436A-834F-4060C52999A1}.Release|x64.Build.0 = Release|x64
		{ABA94DA8-7C57-436A-834F-4060C52999A1}.Release|x86.ActiveCfg = Release|Win32
		{ABA94DA8-7C57-436A-834F-4060C52999A1}.Release|x86.Build.0 = Release|Win32
	EndGlobalSection
	GlobalSection(SolutionProperties) = preSolution
		HideSolutionNode = FALSE
	EndGlobalSection
EndGlobal
